
Microsoft Visual Studio Solution File, Format Version 12.00
# Visual Studio Version 17
VisualStudioVersion = 17.10.35004.147
MinimumVisualStudioVersion = 10.0.40219.1
Project("{FAE04EC0-301F-11D3-BF4B-00C04F79EFBC}") = "Order.Api", "Order.Api\Order.Api.csproj", "{4AB3BBBD-EE91-4CCE-B5F0-97C63DEF80C8}"
EndProject
Project("{FAE04EC0-301F-11D3-BF4B-00C04F79EFBC}") = "Shared", "Shared\Shared.csproj", "{4E17AA9B-EF5A-4A14-A2A3-76BFEC3C44EC}"
EndProject
Project("{FAE04EC0-301F-11D3-BF4B-00C04F79EFBC}") = "Stock.Service", "Stock.Service\Stock.Service.csproj", "{ECE2A2DE-C6B5-4CEA-BC7C-F165F82A6422}"
EndProject
Global
	GlobalSection(SolutionConfigurationPlatforms) = preSolution
		Debug|Any CPU = Debug|Any CPU
		Release|Any CPU = Release|Any CPU
	EndGlobalSection
	GlobalSection(ProjectConfigurationPlatforms) = postSolution
		{4AB3BBBD-EE91-4CCE-B5F0-97C63DEF80C8}.Debug|Any CPU.ActiveCfg = Debug|Any CPU
		{4AB3BBBD-EE91-4CCE-B5F0-97C63DEF80C8}.Debug|Any CPU.Build.0 = Debug|Any CPU
		{4AB3BBBD-EE91-4CCE-B5F0-97C63DEF80C8}.Release|Any CPU.ActiveCfg = Release|Any CPU
		{4AB3BBBD-EE91-4CCE-B5F0-97C63DEF80C8}.Release|Any CPU.Build.0 = Release|Any CPU
		{4E17AA9B-EF5A-4A14-A2A3-76BFEC3C44EC}.Debug|Any CPU.ActiveCfg = Debug|Any CPU
		{4E17AA9B-EF5A-4A14-A2A3-76BFEC3C44EC}.Debug|Any CPU.Build.0 = Debug|Any CPU
		{4E17AA9B-EF5A-4A14-A2A3-76BFEC3C44EC}.Release|Any CPU.ActiveCfg = Release|Any CPU
		{4E17AA9B-EF5A-4A14-A2A3-76BFEC3C44EC}.Release|Any CPU.Build.0 = Release|Any CPU
		{ECE2A2DE-C6B5-4CEA-BC7C-F165F82A6422}.Debug|Any CPU.ActiveCfg = Debug|Any CPU
		{ECE2A2DE-C6B5-4CEA-BC7C-F165F82A6422}.Debug|Any CPU.Build.0 = Debug|Any CPU
		{ECE2A2DE-C6B5-4CEA-BC7C-F165F82A6422}.Release|Any CPU.ActiveCfg = Release|Any CPU
		{ECE2A2DE-C6B5-4CEA-BC7C-F165F82A6422}.Release|Any CPU.Build.0 = Release|Any CPU
	EndGlobalSection
	GlobalSection(SolutionProperties) = preSolution
		HideSolutionNode = FALSE
	EndGlobalSection
	GlobalSection(ExtensibilityGlobals) = postSolution
		SolutionGuid = {83AA0AA3-0024-410C-BA15-525BE0AE2536}
	EndGlobalSection
EndGlobal
